
Microsoft Visual Studio Solution File, Format Version 12.00
# Visual Studio Version 17
VisualStudioVersion = 17.5.33627.172
MinimumVisualStudioVersion = 10.0.40219.1
Project("{FAE04EC0-301F-11D3-BF4B-00C04F79EFBC}") = "BethanyPieShop", "BethanyPieShop\BethanyPieShop.csproj", "{123FD342-ED00-429D-8AC7-188C5F9B3E11}"
EndProject
Project("{FAE04EC0-301F-11D3-BF4B-00C04F79EFBC}") = "BethanyPieShorpLibrary", "BethanyPieShorpLibrary\BethanyPieShorpLibrary.csproj", "{4F4B163A-1F6C-4C08-96BF-83BE4BB3AD8A}"
EndProject
Global
	GlobalSection(SolutionConfigurationPlatforms) = preSolution
		Debug|Any CPU = Debug|Any CPU
		Release|Any CPU = Release|Any CPU
	EndGlobalSection
	GlobalSection(ProjectConfigurationPlatforms) = postSolution
		{123FD342-ED00-429D-8AC7-188C5F9B3E11}.Debug|Any CPU.ActiveCfg = Debug|Any CPU
		{123FD342-ED00-429D-8AC7-188C5F9B3E11}.Debug|Any CPU.Build.0 = Debug|Any CPU
		{123FD342-ED00-429D-8AC7-188C5F9B3E11}.Release|Any CPU.ActiveCfg = Release|Any CPU
		{123FD342-ED00-429D-8AC7-188C5F9B3E11}.Release|Any CPU.Build.0 = Release|Any CPU
		{4F4B163A-1F6C-4C08-96BF-83BE4BB3AD8A}.Debug|Any CPU.ActiveCfg = Debug|Any CPU
		{4F4B163A-1F6C-4C08-96BF-83BE4BB3AD8A}.Debug|Any CPU.Build.0 = Debug|Any CPU
		{4F4B163A-1F6C-4C08-96BF-83BE4BB3AD8A}.Release|Any CPU.ActiveCfg = Release|Any CPU
		{4F4B163A-1F6C-4C08-96BF-83BE4BB3AD8A}.Release|Any CPU.Build.0 = Release|Any CPU
	EndGlobalSection
	GlobalSection(SolutionProperties) = preSolution
		HideSolutionNode = FALSE
	EndGlobalSection
	GlobalSection(ExtensibilityGlobals) = postSolution
		SolutionGuid = {EC76FB89-9C50-48C1-9C9F-4D6DFCA14ECE}
	EndGlobalSection
EndGlobal
